
Microsoft Visual Studio Solution File, Format Version 12.00
Project("{FAE04EC0-301F-11D3-BF4B-00C04F79EFBC}") = "AsyncAwaitDemo1", "AsyncAwaitDemo1\AsyncAwaitDemo1.csproj", "{B3D00CF9-DF93-4E55-96C6-667BB0B5202F}"
EndProject
Project("{FAE04EC0-301F-11D3-BF4B-00C04F79EFBC}") = "ConsoleApp1", "ConsoleApp1\ConsoleApp1.csproj", "{A8E3F850-56CF-4CA9-A1B3-4BEABD0F2EC0}"
EndProject
Project("{FAE04EC0-301F-11D3-BF4B-00C04F79EFBC}") = "AsyncAwaitDemo2", "AsyncAwaitDemo2\AsyncAwaitDemo2.csproj", "{E8794096-EBFA-4CAD-B3F6-97E2CC2F71C8}"
EndProject
Project("{FAE04EC0-301F-11D3-BF4B-00C04F79EFBC}") = "AsyncAwaitDemo3", "AsyncAwaitDemo3\AsyncAwaitDemo3.csproj", "{7B70C3D8-E7DF-4638-8584-C9B02582F784}"
EndProject
Project("{FAE04EC0-301F-11D3-BF4B-00C04F79EFBC}") = "AsyncAwaitDemo4", "AsyncAwaitDemo4\AsyncAwaitDemo4.csproj", "{E24CD20C-42D9-4323-80B9-3A00C90BD737}"
EndProject
Project("{FAE04EC0-301F-11D3-BF4B-00C04F79EFBC}") = "WebApplication1", "WebApplication1\WebApplication1.csproj", "{F410AC96-125C-4511-BE02-EE3962994784}"
EndProject
Project("{FAE04EC0-301F-11D3-BF4B-00C04F79EFBC}") = "DelegateDemo1", "DelegateDemo1\DelegateDemo1.csproj", "{4F994306-C44E-4E81-A1ED-80509211AF34}"
EndProject
Project("{FAE04EC0-301F-11D3-BF4B-00C04F79EFBC}") = "ConsoleApp2", "ConsoleApp2\ConsoleApp2.csproj", "{BA6AFA11-A5A4-4059-B345-89E9D2039DE8}"
EndProject
Project("{FAE04EC0-301F-11D3-BF4B-00C04F79EFBC}") = "MiddlewareDemo1", "MiddlewareDemo1\MiddlewareDemo1.csproj", "{13CA8FE7-2FE7-4B16-A52B-38EBB408A954}"
EndProject
Global
	GlobalSection(SolutionConfigurationPlatforms) = preSolution
		Debug|Any CPU = Debug|Any CPU
		Release|Any CPU = Release|Any CPU
	EndGlobalSection
	GlobalSection(ProjectConfigurationPlatforms) = postSolution
		{B3D00CF9-DF93-4E55-96C6-667BB0B5202F}.Debug|Any CPU.ActiveCfg = Debug|Any CPU
		{B3D00CF9-DF93-4E55-96C6-667BB0B5202F}.Debug|Any CPU.Build.0 = Debug|Any CPU
		{B3D00CF9-DF93-4E55-96C6-667BB0B5202F}.Release|Any CPU.ActiveCfg = Release|Any CPU
		{B3D00CF9-DF93-4E55-96C6-667BB0B5202F}.Release|Any CPU.Build.0 = Release|Any CPU
		{A8E3F850-56CF-4CA9-A1B3-4BEABD0F2EC0}.Debug|Any CPU.ActiveCfg = Debug|Any CPU
		{A8E3F850-56CF-4CA9-A1B3-4BEABD0F2EC0}.Debug|Any CPU.Build.0 = Debug|Any CPU
		{A8E3F850-56CF-4CA9-A1B3-4BEABD0F2EC0}.Release|Any CPU.ActiveCfg = Release|Any CPU
		{A8E3F850-56CF-4CA9-A1B3-4BEABD0F2EC0}.Release|Any CPU.Build.0 = Release|Any CPU
		{E8794096-EBFA-4CAD-B3F6-97E2CC2F71C8}.Debug|Any CPU.ActiveCfg = Debug|Any CPU
		{E8794096-EBFA-4CAD-B3F6-97E2CC2F71C8}.Debug|Any CPU.Build.0 = Debug|Any CPU
		{E8794096-EBFA-4CAD-B3F6-97E2CC2F71C8}.Release|Any CPU.ActiveCfg = Release|Any CPU
		{E8794096-EBFA-4CAD-B3F6-97E2CC2F71C8}.Release|Any CPU.Build.0 = Release|Any CPU
		{7B70C3D8-E7DF-4638-8584-C9B02582F784}.Debug|Any CPU.ActiveCfg = Debug|Any CPU
		{7B70C3D8-E7DF-4638-8584-C9B02582F784}.Debug|Any CPU.Build.0 = Debug|Any CPU
		{7B70C3D8-E7DF-4638-8584-C9B02582F784}.Release|Any CPU.ActiveCfg = Release|Any CPU
		{7B70C3D8-E7DF-4638-8584-C9B02582F784}.Release|Any CPU.Build.0 = Release|Any CPU
		{E24CD20C-42D9-4323-80B9-3A00C90BD737}.Debug|Any CPU.ActiveCfg = Debug|Any CPU
		{E24CD20C-42D9-4323-80B9-3A00C90BD737}.Debug|Any CPU.Build.0 = Debug|Any CPU
		{E24CD20C-42D9-4323-80B9-3A00C90BD737}.Release|Any CPU.ActiveCfg = Release|Any CPU
		{E24CD20C-42D9-4323-80B9-3A00C90BD737}.Release|Any CPU.Build.0 = Release|Any CPU
		{F410AC96-125C-4511-BE02-EE3962994784}.Debug|Any CPU.ActiveCfg = Debug|Any CPU
		{F410AC96-125C-4511-BE02-EE3962994784}.Debug|Any CPU.Build.0 = Debug|Any CPU
		{F410AC96-125C-4511-BE02-EE3962994784}.Release|Any CPU.ActiveCfg = Release|Any CPU
		{F410AC96-125C-4511-BE02-EE3962994784}.Release|Any CPU.Build.0 = Release|Any CPU
		{4F994306-C44E-4E81-A1ED-80509211AF34}.Debug|Any CPU.ActiveCfg = Debug|Any CPU
		{4F994306-C44E-4E81-A1ED-80509211AF34}.Debug|Any CPU.Build.0 = Debug|Any CPU
		{4F994306-C44E-4E81-A1ED-80509211AF34}.Release|Any CPU.ActiveCfg = Release|Any CPU
		{4F994306-C44E-4E81-A1ED-80509211AF34}.Release|Any CPU.Build.0 = Release|Any CPU
		{BA6AFA11-A5A4-4059-B345-89E9D2039DE8}.Debug|Any CPU.ActiveCfg = Debug|Any CPU
		{BA6AFA11-A5A4-4059-B345-89E9D2039DE8}.Debug|Any CPU.Build.0 = Debug|Any CPU
		{BA6AFA11-A5A4-4059-B345-89E9D2039DE8}.Release|Any CPU.ActiveCfg = Release|Any CPU
		{BA6AFA11-A5A4-4059-B345-89E9D2039DE8}.Release|Any CPU.Build.0 = Release|Any CPU
		{13CA8FE7-2FE7-4B16-A52B-38EBB408A954}.Debug|Any CPU.ActiveCfg = Debug|Any CPU
		{13CA8FE7-2FE7-4B16-A52B-38EBB408A954}.Debug|Any CPU.Build.0 = Debug|Any CPU
		{13CA8FE7-2FE7-4B16-A52B-38EBB408A954}.Release|Any CPU.ActiveCfg = Release|Any CPU
		{13CA8FE7-2FE7-4B16-A52B-38EBB408A954}.Release|Any CPU.Build.0 = Release|Any CPU
	EndGlobalSection
EndGlobal
